{
  "name": "vant-weapp-demo",
  "version": "1.0.0",
  "lockfileVersion": 1,
  "requires": true,
  "dependencies": {
    "@vant/weapp": {
      "version": "1.2.2",
      "resolved": "https://registry.npmjs.org/@vant/weapp/-/weapp-1.2.2.tgz",
      "integrity": "sha512-OehtmKN1PewwZRv0S+e9wFWSotNJRiFegOwRhcQ/y2H85Rqs1BPK2z0U+XZnOeJqGkituaqvRkSCOzmK13uTXw=="
    },
    "set-cookie-parser": {
      "version": "2.4.5",
      "resolved": "https://registry.npmjs.org/set-cookie-parser/-/set-cookie-parser-2.4.5.tgz",
      "integrity": "sha512-LkSDwseogN5l6TerqGzFzL9mUDTxSq3hX2b5AaynjC1nSCNWiDypEgHatfc0v6KcnfgV3/6F6h4ABh6igjzlQQ=="
    },
    "weapp-cookie": {
      "version": "1.4.6",
      "resolved": "https://registry.npmjs.org/weapp-cookie/-/weapp-cookie-1.4.6.tgz",
      "integrity": "sha512-2K4u6ADdpRMfoFeK8e6TYl2LoBjDuGwOD1jmUpFJT1kkdKPZagdroIReNg+4m5FGb6Hkh+EyqbY+2HqBdEDnQw==",
      "requires": {
        "set-cookie-parser": "^2.3.8"
      }
    }
  }
}
